
Microsoft Visual Studio Solution File, Format Version 12.00
# Visual Studio Version 17
VisualStudioVersion = 17.8.34330.188
MinimumVisualStudioVersion = 10.0.40219.1
Project("{FAE04EC0-301F-11D3-BF4B-00C04F79EFBC}") = "GAP", "GAP\GAP.csproj", "{79961535-D414-44BF-9AEF-0BEF56068646}"
EndProject
Global
	GlobalSection(SolutionConfigurationPlatforms) = preSolution
		Debug|Any CPU = Debug|Any CPU
		Release|Any CPU = Release|Any CPU
	EndGlobalSection
	GlobalSection(ProjectConfigurationPlatforms) = postSolution
		{79961535-D414-44BF-9AEF-0BEF56068646}.Debug|Any CPU.ActiveCfg = Debug|Any CPU
		{79961535-D414-44BF-9AEF-0BEF56068646}.Debug|Any CPU.Build.0 = Debug|Any CPU
		{79961535-D414-44BF-9AEF-0BEF56068646}.Release|Any CPU.ActiveCfg = Release|Any CPU
		{79961535-D414-44BF-9AEF-0BEF56068646}.Release|Any CPU.Build.0 = Release|Any CPU
	EndGlobalSection
	GlobalSection(SolutionProperties) = preSolution
		HideSolutionNode = FALSE
	EndGlobalSection
	GlobalSection(ExtensibilityGlobals) = postSolution
		SolutionGuid = {2CE956E3-B0D8-44C9-ADCB-243490196EA2}
	EndGlobalSection
EndGlobal
